// !$*UTF8*$!
{
	archiveVersion = 1;
	classes = {
	};
	objectVersion = 77;
	objects = {

/* Begin PBXBuildFile section */
		FDC570802FA2A9BC008DFDA2 /* OpenAPIRuntime in Frameworks */ = {isa = PBXBuildFile; productRef = FDC5707F2FA2A9BC008DFDA2 /* OpenAPIRuntime */; };
		FDC570832FA2A9D2008DFDA2 /* OpenAPIURLSession in Frameworks */ = {isa = PBXBuildFile; productRef = FDC570822FA2A9D2008DFDA2 /* OpenAPIURLSession */; };
/* End PBXBuildFile section */

/* Begin PBXContainerItemProxy section */
		FD1485A22FA4F40600EE493E /* PBXContainerItemProxy */ = {
			isa = PBXContainerItemProxy;
			containerPortal = FDDE53522F9BFEA500EF0076 /* Project object */;
			proxyType = 1;
			remoteGlobalIDString = FDDE53592F9BFEA500EF0076;
			remoteInfo = Wagonpills;
		};
/* End PBXContainerItemProxy section */

/* Begin PBXFileReference section */
		FD005FA12FAA3FD300786C8E /* Wagonpills.xctestplan */ = {isa = PBXFileReference; lastKnownFileType = text; path = Wagonpills.xctestplan; sourceTree = "<group>"; };
		FD14859E2FA4F40600EE493E /* WagonpillsTests.xctest */ = {isa = PBXFileReference; explicitFileType = wrapper.cfbundle; includeInIndex = 0; path = WagonpillsTests.xctest; sourceTree = BUILT_PRODUCTS_DIR; };
		FD9404212F9E0675001CF01D /* Debug.xcconfig */ = {isa = PBXFileReference; lastKnownFileType = text.xcconfig; path = Debug.xcconfig; sourceTree = "<group>"; };
		FD9404222F9E0675001CF01D /* Debug.local.xcconfig.example */ = {isa = PBXFileReference; lastKnownFileType = text; path = Debug.local.xcconfig.example; sourceTree = "<group>"; };
		FD9404232F9E0675001CF01D /* Release.xcconfig */ = {isa = PBXFileReference; lastKnownFileType = text.xcconfig; path = Release.xcconfig; sourceTree = "<group>"; };
		FD9404242F9E0675001CF01D /* Shared.xcconfig */ = {isa = PBXFileReference; lastKnownFileType = text.xcconfig; path = Shared.xcconfig; sourceTree = "<group>"; };
		FDDE535A2F9BFEA500EF0076 /* Wagonpills.app */ = {isa = PBXFileReference; explicitFileType = wrapper.application; includeInIndex = 0; path = Wagonpills.app; sourceTree = BUILT_PRODUCTS_DIR; };
/* End PBXFileReference section */

/* Begin PBXFileSystemSynchronizedBuildFileExceptionSet section */
		FD9404272F9E0B62001CF01D /* Exceptions for "Wagonpills" folder in "Wagonpills" target */ = {
			isa = PBXFileSystemSynchronizedBuildFileExceptionSet;
			membershipExceptions = (
				Info.plist,
			);
			target = FDDE53592F9BFEA500EF0076 /* Wagonpills */;
		};
/* End PBXFileSystemSynchronizedBuildFileExceptionSet section */

/* Begin PBXFileSystemSynchronizedRootGroup section */
		FD14859F2FA4F40600EE493E /* WagonpillsTests */ = {
			isa = PBXFileSystemSynchronizedRootGroup;
			path = WagonpillsTests;
			sourceTree = "<group>";
		};
		FDDE535C2F9BFEA500EF0076 /* Wagonpills */ = {
			isa = PBXFileSystemSynchronizedRootGroup;
			exceptions = (
				FD9404272F9E0B62001CF01D /* Exceptions for "Wagonpills" folder in "Wagonpills" target */,
			);
			path = Wagonpills;
			sourceTree = "<group>";
		};
/* End PBXFileSystemSynchronizedRootGroup section */

/* Begin PBXFrameworksBuildPhase section */
		FD14859B2FA4F40600EE493E /* Frameworks */ = {
			isa = PBXFrameworksBuildPhase;
			buildActionMask = 2147483647;
			files = (
			);
			runOnlyForDeploymentPostprocessing = 0;
		};
		FDDE53572F9BFEA500EF0076 /* Frameworks */ = {
			isa = PBXFrameworksBuildPhase;
			buildActionMask = 2147483647;
			files = (
				FDC570832FA2A9D2008DFDA2 /* OpenAPIURLSession in Frameworks */,
				FDC570802FA2A9BC008DFDA2 /* OpenAPIRuntime in Frameworks */,
			);
			runOnlyForDeploymentPostprocessing = 0;
		};
/* End PBXFrameworksBuildPhase section */

/* Begin PBXGroup section */
		FD9404252F9E0675001CF01D /* Config */ = {
			isa = PBXGroup;
			children = (
				FD9404212F9E0675001CF01D /* Debug.xcconfig */,
				FD9404222F9E0675001CF01D /* Debug.local.xcconfig.example */,
				FD9404232F9E0675001CF01D /* Release.xcconfig */,
				FD9404242F9E0675001CF01D /* Shared.xcconfig */,
			);
			path = Config;
			sourceTree = "<group>";
		};
		FDDE53512F9BFEA500EF0076 = {
			isa = PBXGroup;
			children = (
				FD005FA12FAA3FD300786C8E /* Wagonpills.xctestplan */,
				FD9404252F9E0675001CF01D /* Config */,
				FDDE535C2F9BFEA500EF0076 /* Wagonpills */,
				FD14859F2FA4F40600EE493E /* WagonpillsTests */,
				FDDE535B2F9BFEA500EF0076 /* Products */,
			);
			sourceTree = "<group>";
		};
		FDDE535B2F9BFEA500EF0076 /* Products */ = {
			isa = PBXGroup;
			children = (
				FDDE535A2F9BFEA500EF0076 /* Wagonpills.app */,
				FD14859E2FA4F40600EE493E /* WagonpillsTests.xctest */,
			);
			name = Products;
			sourceTree = "<group>";
		};
/* End PBXGroup section */

/* Begin PBXNativeTarget section */
		FD14859D2FA4F40600EE493E /* WagonpillsTests */ = {
			isa = PBXNativeTarget;
			buildConfigurationList = FD1485A62FA4F40600EE493E /* Build configuration list for PBXNativeTarget "WagonpillsTests" */;
			buildPhases = (
				FD14859A2FA4F40600EE493E /* Sources */,
				FD14859B2FA4F40600EE493E /* Frameworks */,
				FD14859C2FA4F40600EE493E /* Resources */,
			);
			buildRules = (
			);
			dependencies = (
				FD1485A32FA4F40600EE493E /* PBXTargetDependency */,
			);
			fileSystemSynchronizedGroups = (
				FD14859F2FA4F40600EE493E /* WagonpillsTests */,
			);
			name = WagonpillsTests;
			packageProductDependencies = (
			);
			productName = WagonpillsTests;
			productReference = FD14859E2FA4F40600EE493E /* WagonpillsTests.xctest */;
			productType = "com.apple.product-type.bundle.unit-test";
		};
		FDDE53592F9BFEA500EF0076 /* Wagonpills */ = {
			isa = PBXNativeTarget;
			buildConfigurationList = FDDE53652F9BFEA600EF0076 /* Build configuration list for PBXNativeTarget "Wagonpills" */;
			buildPhases = (
				FD94042A2F9E0EA8001CF01D /* SwiftLint */,
				FDDE53562F9BFEA500EF0076 /* Sources */,
				FDDE53572F9BFEA500EF0076 /* Frameworks */,
				FDDE53582F9BFEA500EF0076 /* Resources */,
			);
			buildRules = (
			);
			dependencies = (
				FDC570852FA2AA29008DFDA2 /* PBXTargetDependency */,
			);
			fileSystemSynchronizedGroups = (
				FDDE535C2F9BFEA500EF0076 /* Wagonpills */,
			);
			name = Wagonpills;
			packageProductDependencies = (
				FDC5707F2FA2A9BC008DFDA2 /* OpenAPIRuntime */,
				FDC570822FA2A9D2008DFDA2 /* OpenAPIURLSession */,
			);
			productName = Wagonpills;
			productReference = FDDE535A2F9BFEA500EF0076 /* Wagonpills.app */;
			productType = "com.apple.product-type.application";
		};
/* End PBXNativeTarget section */

/* Begin PBXProject section */
		FDDE53522F9BFEA500EF0076 /* Project object */ = {
			isa = PBXProject;
			attributes = {
				BuildIndependentTargetsInParallel = 1;
				LastSwiftUpdateCheck = 2600;
				LastUpgradeCheck = 2600;
				TargetAttributes = {
					FD14859D2FA4F40600EE493E = {
						CreatedOnToolsVersion = 26.0.1;
						TestTargetID = FDDE53592F9BFEA500EF0076;
					};
					FDDE53592F9BFEA500EF0076 = {
						CreatedOnToolsVersion = 26.0.1;
					};
				};
			};
			buildConfigurationList = FDDE53552F9BFEA500EF0076 /* Build configuration list for PBXProject "Wagonpills" */;
			developmentRegion = en;
			hasScannedForEncodings = 0;
			knownRegions = (
				en,
				Base,
			);
			mainGroup = FDDE53512F9BFEA500EF0076;
			minimizedProjectReferenceProxies = 1;
			packageReferences = (
				FDC5707D2FA2A993008DFDA2 /* XCRemoteSwiftPackageReference "swift-openapi-generator" */,
				FDC5707E2FA2A9BC008DFDA2 /* XCRemoteSwiftPackageReference "swift-openapi-runtime" */,
				FDC570812FA2A9D2008DFDA2 /* XCRemoteSwiftPackageReference "swift-openapi-urlsession" */,
			);
			preferredProjectObjectVersion = 77;
			productRefGroup = FDDE535B2F9BFEA500EF0076 /* Products */;
			projectDirPath = "";
			projectRoot = "";
			targets = (
				FDDE53592F9BFEA500EF0076 /* Wagonpills */,
				FD14859D2FA4F40600EE493E /* WagonpillsTests */,
			);
		};
/* End PBXProject section */

/* Begin PBXResourcesBuildPhase section */
		FD14859C2FA4F40600EE493E /* Resources */ = {
			isa = PBXResourcesBuildPhase;
			buildActionMask = 2147483647;
			files = (
			);
			runOnlyForDeploymentPostprocessing = 0;
		};
		FDDE53582F9BFEA500EF0076 /* Resources */ = {
			isa = PBXResourcesBuildPhase;
			buildActionMask = 2147483647;
			files = (
			);
			runOnlyForDeploymentPostprocessing = 0;
		};
/* End PBXResourcesBuildPhase section */

/* Begin PBXShellScriptBuildPhase section */
		FD94042A2F9E0EA8001CF01D /* SwiftLint */ = {
			isa = PBXShellScriptBuildPhase;
			alwaysOutOfDate = 1;
			buildActionMask = 2147483647;
			files = (
			);
			inputFileListPaths = (
			);
			inputPaths = (
			);
			name = SwiftLint;
			outputFileListPaths = (
			);
			outputPaths = (
			);
			runOnlyForDeploymentPostprocessing = 0;
			shellPath = /bin/sh;
			shellScript = "export PATH=\"/opt/homebrew/bin:/usr/local/bin:$PATH\"\n\nif which swiftlint > /dev/null; then\n  swiftlint\nelse\n  echo \"warning: SwiftLint not installed, run: brew install swiftlint\"\nfi\n";
		};
/* End PBXShellScriptBuildPhase section */

/* Begin PBXSourcesBuildPhase section */
		FD14859A2FA4F40600EE493E /* Sources */ = {
			isa = PBXSourcesBuildPhase;
			buildActionMask = 2147483647;
			files = (
			);
			runOnlyForDeploymentPostprocessing = 0;
		};
		FDDE53562F9BFEA500EF0076 /* Sources */ = {
			isa = PBXSourcesBuildPhase;
			buildActionMask = 2147483647;
			files = (
			);
			runOnlyForDeploymentPostprocessing = 0;
		};
/* End PBXSourcesBuildPhase section */

/* Begin PBXTargetDependency section */
		FD1485A32FA4F40600EE493E /* PBXTargetDependency */ = {
			isa = PBXTargetDependency;
			target = FDDE53592F9BFEA500EF0076 /* Wagonpills */;
			targetProxy = FD1485A22FA4F40600EE493E /* PBXContainerItemProxy */;
		};
		FDC570852FA2AA29008DFDA2 /* PBXTargetDependency */ = {
			isa = PBXTargetDependency;
			productRef = FDC570842FA2AA29008DFDA2 /* OpenAPIGenerator */;
		};
/* End PBXTargetDependency section */

/* Begin XCBuildConfiguration section */
		FD1485A42FA4F40600EE493E /* Debug */ = {
			isa = XCBuildConfiguration;
			buildSettings = {
				BUNDLE_LOADER = "$(TEST_HOST)";
				CODE_SIGN_STYLE = Automatic;
				CURRENT_PROJECT_VERSION = 1;
				ENABLE_USER_SCRIPT_SANDBOXING = YES;
				GENERATE_INFOPLIST_FILE = YES;
				IPHONEOS_DEPLOYMENT_TARGET = 17.0;
				MARKETING_VERSION = 1.0;
				PRODUCT_BUNDLE_IDENTIFIER = com.wagonpills.WagonpillsTests;
				PRODUCT_NAME = "$(TARGET_NAME)";
				STRING_CATALOG_GENERATE_SYMBOLS = NO;
				SWIFT_APPROACHABLE_CONCURRENCY = YES;
				SWIFT_EMIT_LOC_STRINGS = NO;
				SWIFT_UPCOMING_FEATURE_MEMBER_IMPORT_VISIBILITY = YES;
				SWIFT_VERSION = 5.0;
				TARGETED_DEVICE_FAMILY = "1,2";
				TEST_HOST = "$(BUILT_PRODUCTS_DIR)/Wagonpills.app/$(BUNDLE_EXECUTABLE_FOLDER_PATH)/Wagonpills";
			};
			name = Debug;
		};
		FD1485A52FA4F40600EE493E /* Release */ = {
			isa = XCBuildConfiguration;
			buildSettings = {
				BUNDLE_LOADER = "$(TEST_HOST)";
				CODE_SIGN_STYLE = Automatic;
				CURRENT_PROJECT_VERSION = 1;
				ENABLE_USER_SCRIPT_SANDBOXING = YES;
				GENERATE_INFOPLIST_FILE = YES;
				IPHONEOS_DEPLOYMENT_TARGET = 17.0;
				MARKETING_VERSION = 1.0;
				PRODUCT_BUNDLE_IDENTIFIER = com.wagonpills.WagonpillsTests;
				PRODUCT_NAME = "$(TARGET_NAME)";
				STRING_CATALOG_GENERATE_SYMBOLS = NO;
				SWIFT_APPROACHABLE_CONCURRENCY = YES;
				SWIFT_EMIT_LOC_STRINGS = NO;
				SWIFT_UPCOMING_FEATURE_MEMBER_IMPORT_VISIBILITY = YES;
				SWIFT_VERSION = 5.0;
				TARGETED_DEVICE_FAMILY = "1,2";
				TEST_HOST = "$(BUILT_PRODUCTS_DIR)/Wagonpills.app/$(BUNDLE_EXECUTABLE_FOLDER_PATH)/Wagonpills";
			};
			name = Release;
		};
		FDDE53632F9BFEA600EF0076 /* Debug */ = {
			isa = XCBuildConfiguration;
			baseConfigurationReference = FD9404212F9E0675001CF01D /* Debug.xcconfig */;
			buildSettings = {
				ALWAYS_SEARCH_USER_PATHS = NO;
				ASSETCATALOG_COMPILER_GENERATE_SWIFT_ASSET_SYMBOL_EXTENSIONS = YES;
				CLANG_ANALYZER_NONNULL = YES;
				CLANG_ANALYZER_NUMBER_OBJECT_CONVERSION = YES_AGGRESSIVE;
				CLANG_CXX_LANGUAGE_STANDARD = "gnu++20";
				CLANG_ENABLE_MODULES = YES;
				CLANG_ENABLE_OBJC_ARC = YES;
				CLANG_ENABLE_OBJC_WEAK = YES;
				CLANG_WARN_BLOCK_CAPTURE_AUTORELEASING = YES;
				CLANG_WARN_BOOL_CONVERSION = YES;
				CLANG_WARN_COMMA = YES;
				CLANG_WARN_CONSTANT_CONVERSION = YES;
				CLANG_WARN_DEPRECATED_OBJC_IMPLEMENTATIONS = YES;
				CLANG_WARN_DIRECT_OBJC_ISA_USAGE = YES_ERROR;
				CLANG_WARN_DOCUMENTATION_COMMENTS = YES;
				CLANG_WARN_EMPTY_BODY = YES;
				CLANG_WARN_ENUM_CONVERSION = YES;
				CLANG_WARN_INFINITE_RECURSION = YES;
				CLANG_WARN_INT_CONVERSION = YES;
				CLANG_WARN_NON_LITERAL_NULL_CONVERSION = YES;
				CLANG_WARN_OBJC_IMPLICIT_RETAIN_SELF = YES;
				CLANG_WARN_OBJC_LITERAL_CONVERSION = YES;
				CLANG_WARN_OBJC_ROOT_CLASS = YES_ERROR;
				CLANG_WARN_QUOTED_INCLUDE_IN_FRAMEWORK_HEADER = YES;
				CLANG_WARN_RANGE_LOOP_ANALYSIS = YES;
				CLANG_WARN_STRICT_PROTOTYPES = YES;
				CLANG_WARN_SUSPICIOUS_MOVE = YES;
				CLANG_WARN_UNGUARDED_AVAILABILITY = YES_AGGRESSIVE;
				CLANG_WARN_UNREACHABLE_CODE = YES;
				CLANG_WARN__DUPLICATE_METHOD_MATCH = YES;
				COPY_PHASE_STRIP = NO;
				DEBUG_INFORMATION_FORMAT = dwarf;
				ENABLE_STRICT_OBJC_MSGSEND = YES;
				ENABLE_TESTABILITY = YES;
				ENABLE_USER_SCRIPT_SANDBOXING = NO;
				GCC_C_LANGUAGE_STANDARD = gnu17;
				GCC_DYNAMIC_NO_PIC = NO;
				GCC_NO_COMMON_BLOCKS = YES;
				GCC_OPTIMIZATION_LEVEL = 0;
				GCC_PREPROCESSOR_DEFINITIONS = (
					"DEBUG=1",
					"$(inherited)",
				);
				GCC_WARN_64_TO_32_BIT_CONVERSION = YES;
				GCC_WARN_ABOUT_RETURN_TYPE = YES_ERROR;
				GCC_WARN_UNDECLARED_SELECTOR = YES;
				GCC_WARN_UNINITIALIZED_AUTOS = YES_AGGRESSIVE;
				GCC_WARN_UNUSED_FUNCTION = YES;
				GCC_WARN_UNUSED_VARIABLE = YES;
				IPHONEOS_DEPLOYMENT_TARGET = 26.0;
				LOCALIZATION_PREFERS_STRING_CATALOGS = YES;
				MTL_ENABLE_DEBUG_INFO = INCLUDE_SOURCE;
				MTL_FAST_MATH = YES;
				ONLY_ACTIVE_ARCH = YES;
				SDKROOT = iphoneos;
				SWIFT_ACTIVE_COMPILATION_CONDITIONS = "DEBUG $(inherited)";
				SWIFT_OPTIMIZATION_LEVEL = "-Onone";
			};
			name = Debug;
		};
		FDDE53642F9BFEA600EF0076 /* Release */ = {
			isa = XCBuildConfiguration;
			baseConfigurationReference = FD9404232F9E0675001CF01D /* Release.xcconfig */;
			buildSettings = {
				ALWAYS_SEARCH_USER_PATHS = NO;
				ASSETCATALOG_COMPILER_GENERATE_SWIFT_ASSET_SYMBOL_EXTENSIONS = YES;
				CLANG_ANALYZER_NONNULL = YES;
				CLANG_ANALYZER_NUMBER_OBJECT_CONVERSION = YES_AGGRESSIVE;
				CLANG_CXX_LANGUAGE_STANDARD = "gnu++20";
				CLANG_ENABLE_MODULES = YES;
				CLANG_ENABLE_OBJC_ARC = YES;
				CLANG_ENABLE_OBJC_WEAK = YES;
				CLANG_WARN_BLOCK_CAPTURE_AUTORELEASING = YES;
				CLANG_WARN_BOOL_CONVERSION = YES;
				CLANG_WARN_COMMA = YES;
				CLANG_WARN_CONSTANT_CONVERSION = YES;
				CLANG_WARN_DEPRECATED_OBJC_IMPLEMENTATIONS = YES;
				CLANG_WARN_DIRECT_OBJC_ISA_USAGE = YES_ERROR;
				CLANG_WARN_DOCUMENTATION_COMMENTS = YES;
				CLANG_WARN_EMPTY_BODY = YES;
				CLANG_WARN_ENUM_CONVERSION = YES;
				CLANG_WARN_INFINITE_RECURSION = YES;
				CLANG_WARN_INT_CONVERSION = YES;
				CLANG_WARN_NON_LITERAL_NULL_CONVERSION = YES;
				CLANG_WARN_OBJC_IMPLICIT_RETAIN_SELF = YES;
				CLANG_WARN_OBJC_LITERAL_CONVERSION = YES;
				CLANG_WARN_OBJC_ROOT_CLASS = YES_ERROR;
				CLANG_WARN_QUOTED_INCLUDE_IN_FRAMEWORK_HEADER = YES;
				CLANG_WARN_RANGE_LOOP_ANALYSIS = YES;
				CLANG_WARN_STRICT_PROTOTYPES = YES;
				CLANG_WARN_SUSPICIOUS_MOVE = YES;
				CLANG_WARN_UNGUARDED_AVAILABILITY = YES_AGGRESSIVE;
				CLANG_WARN_UNREACHABLE_CODE = YES;
				CLANG_WARN__DUPLICATE_METHOD_MATCH = YES;
				COPY_PHASE_STRIP = NO;
				DEBUG_INFORMATION_FORMAT = "dwarf-with-dsym";
				ENABLE_NS_ASSERTIONS = NO;
				ENABLE_STRICT_OBJC_MSGSEND = YES;
				ENABLE_USER_SCRIPT_SANDBOXING = NO;
				GCC_C_LANGUAGE_STANDARD = gnu17;
				GCC_NO_COMMON_BLOCKS = YES;
				GCC_WARN_64_TO_32_BIT_CONVERSION = YES;
				GCC_WARN_ABOUT_RETURN_TYPE = YES_ERROR;
				GCC_WARN_UNDECLARED_SELECTOR = YES;
				GCC_WARN_UNINITIALIZED_AUTOS = YES_AGGRESSIVE;
				GCC_WARN_UNUSED_FUNCTION = YES;
				GCC_WARN_UNUSED_VARIABLE = YES;
				IPHONEOS_DEPLOYMENT_TARGET = 26.0;
				LOCALIZATION_PREFERS_STRING_CATALOGS = YES;
				MTL_ENABLE_DEBUG_INFO = NO;
				MTL_FAST_MATH = YES;
				SDKROOT = iphoneos;
				SWIFT_COMPILATION_MODE = wholemodule;
				VALIDATE_PRODUCT = YES;
			};
			name = Release;
		};
		FDDE53662F9BFEA600EF0076 /* Debug */ = {
			isa = XCBuildConfiguration;
			baseConfigurationReference = FD9404212F9E0675001CF01D /* Debug.xcconfig */;
			buildSettings = {
				ASSETCATALOG_COMPILER_APPICON_NAME = AppIcon;
				ASSETCATALOG_COMPILER_GLOBAL_ACCENT_COLOR_NAME = AccentColor;
				CODE_SIGN_STYLE = Automatic;
				CURRENT_PROJECT_VERSION = 1;
				ENABLE_PREVIEWS = YES;
				ENABLE_USER_SCRIPT_SANDBOXING = NO;
				GENERATE_INFOPLIST_FILE = YES;
				INFOPLIST_FILE = Wagonpills/Info.plist;
				INFOPLIST_KEY_CFBundleDisplayName = WagonPills;
				INFOPLIST_KEY_UIApplicationSceneManifest_Generation = YES;
				INFOPLIST_KEY_UIApplicationSupportsIndirectInputEvents = YES;
				INFOPLIST_KEY_UILaunchScreen_Generation = YES;
				INFOPLIST_KEY_UISupportedInterfaceOrientations = UIInterfaceOrientationPortrait;
				IPHONEOS_DEPLOYMENT_TARGET = 17.0;
				LD_RUNPATH_SEARCH_PATHS = (
					"$(inherited)",
					"@executable_path/Frameworks",
				);
				MARKETING_VERSION = 1.0;
				PRODUCT_BUNDLE_IDENTIFIER = com.wagonpills.ios;
				PRODUCT_NAME = "$(TARGET_NAME)";
				STRING_CATALOG_GENERATE_SYMBOLS = YES;
				SUPPORTED_PLATFORMS = "iphoneos iphonesimulator";
				SUPPORTS_MACCATALYST = NO;
				SUPPORTS_MAC_DESIGNED_FOR_IPHONE_IPAD = NO;
				SUPPORTS_XR_DESIGNED_FOR_IPHONE_IPAD = NO;
				SWIFT_APPROACHABLE_CONCURRENCY = NO;
				SWIFT_DEFAULT_ACTOR_ISOLATION = nonisolated;
				SWIFT_EMIT_LOC_STRINGS = YES;
				SWIFT_UPCOMING_FEATURE_MEMBER_IMPORT_VISIBILITY = YES;
				SWIFT_VERSION = 5.0;
				TARGETED_DEVICE_FAMILY = "1,2";
			};
			name = Debug;
		};
		FDDE53672F9BFEA600EF0076 /* Release */ = {
			isa = XCBuildConfiguration;
			baseConfigurationReference = FD9404232F9E0675001CF01D /* Release.xcconfig */;
			buildSettings = {
				ASSETCATALOG_COMPILER_APPICON_NAME = AppIcon;
				ASSETCATALOG_COMPILER_GLOBAL_ACCENT_COLOR_NAME = AccentColor;
				CODE_SIGN_STYLE = Automatic;
				CURRENT_PROJECT_VERSION = 1;
				ENABLE_PREVIEWS = YES;
				ENABLE_USER_SCRIPT_SANDBOXING = NO;
				GENERATE_INFOPLIST_FILE = YES;
				INFOPLIST_FILE = Wagonpills/Info.plist;
				INFOPLIST_KEY_CFBundleDisplayName = WagonPills;
				INFOPLIST_KEY_UIApplicationSceneManifest_Generation = YES;
				INFOPLIST_KEY_UIApplicationSupportsIndirectInputEvents = YES;
				INFOPLIST_KEY_UILaunchScreen_Generation = YES;
				INFOPLIST_KEY_UISupportedInterfaceOrientations = UIInterfaceOrientationPortrait;
				IPHONEOS_DEPLOYMENT_TARGET = 17.0;
				LD_RUNPATH_SEARCH_PATHS = (
					"$(inherited)",
					"@executable_path/Frameworks",
				);
				MARKETING_VERSION = 1.0;
				PRODUCT_BUNDLE_IDENTIFIER = com.wagonpills.ios;
				PRODUCT_NAME = "$(TARGET_NAME)";
				STRING_CATALOG_GENERATE_SYMBOLS = YES;
				SUPPORTED_PLATFORMS = "iphoneos iphonesimulator";
				SUPPORTS_MACCATALYST = NO;
				SUPPORTS_MAC_DESIGNED_FOR_IPHONE_IPAD = NO;
				SUPPORTS_XR_DESIGNED_FOR_IPHONE_IPAD = NO;
				SWIFT_APPROACHABLE_CONCURRENCY = NO;
				SWIFT_DEFAULT_ACTOR_ISOLATION = nonisolated;
				SWIFT_EMIT_LOC_STRINGS = YES;
				SWIFT_UPCOMING_FEATURE_MEMBER_IMPORT_VISIBILITY = YES;
				SWIFT_VERSION = 5.0;
				TARGETED_DEVICE_FAMILY = "1,2";
			};
			name = Release;
		};
/* End XCBuildConfiguration section */

/* Begin XCConfigurationList section */
		FD1485A62FA4F40600EE493E /* Build configuration list for PBXNativeTarget "WagonpillsTests" */ = {
			isa = XCConfigurationList;
			buildConfigurations = (
				FD1485A42FA4F40600EE493E /* Debug */,
				FD1485A52FA4F40600EE493E /* Release */,
			);
			defaultConfigurationIsVisible = 0;
			defaultConfigurationName = Release;
		};
		FDDE53552F9BFEA500EF0076 /* Build configuration list for PBXProject "Wagonpills" */ = {
			isa = XCConfigurationList;
			buildConfigurations = (
				FDDE53632F9BFEA600EF0076 /* Debug */,
				FDDE53642F9BFEA600EF0076 /* Release */,
			);
			defaultConfigurationIsVisible = 0;
			defaultConfigurationName = Release;
		};
		FDDE53652F9BFEA600EF0076 /* Build configuration list for PBXNativeTarget "Wagonpills" */ = {
			isa = XCConfigurationList;
			buildConfigurations = (
				FDDE53662F9BFEA600EF0076 /* Debug */,
				FDDE53672F9BFEA600EF0076 /* Release */,
			);
			defaultConfigurationIsVisible = 0;
			defaultConfigurationName = Release;
		};
/* End XCConfigurationList section */

/* Begin XCRemoteSwiftPackageReference section */
		FDC5707D2FA2A993008DFDA2 /* XCRemoteSwiftPackageReference "swift-openapi-generator" */ = {
			isa = XCRemoteSwiftPackageReference;
			repositoryURL = "https://github.com/apple/swift-openapi-generator";
			requirement = {
				kind = upToNextMajorVersion;
				minimumVersion = 1.12.0;
			};
		};
		FDC5707E2FA2A9BC008DFDA2 /* XCRemoteSwiftPackageReference "swift-openapi-runtime" */ = {
			isa = XCRemoteSwiftPackageReference;
			repositoryURL = "https://github.com/apple/swift-openapi-runtime";
			requirement = {
				kind = upToNextMajorVersion;
				minimumVersion = 1.11.0;
			};
		};
		FDC570812FA2A9D2008DFDA2 /* XCRemoteSwiftPackageReference "swift-openapi-urlsession" */ = {
			isa = XCRemoteSwiftPackageReference;
			repositoryURL = "https://github.com/apple/swift-openapi-urlsession";
			requirement = {
				kind = upToNextMajorVersion;
				minimumVersion = 1.3.0;
			};
		};
/* End XCRemoteSwiftPackageReference section */

/* Begin XCSwiftPackageProductDependency section */
		FDC5707F2FA2A9BC008DFDA2 /* OpenAPIRuntime */ = {
			isa = XCSwiftPackageProductDependency;
			package = FDC5707E2FA2A9BC008DFDA2 /* XCRemoteSwiftPackageReference "swift-openapi-runtime" */;
			productName = OpenAPIRuntime;
		};
		FDC570822FA2A9D2008DFDA2 /* OpenAPIURLSession */ = {
			isa = XCSwiftPackageProductDependency;
			package = FDC570812FA2A9D2008DFDA2 /* XCRemoteSwiftPackageReference "swift-openapi-urlsession" */;
			productName = OpenAPIURLSession;
		};
		FDC570842FA2AA29008DFDA2 /* OpenAPIGenerator */ = {
			isa = XCSwiftPackageProductDependency;
			package = FDC5707D2FA2A993008DFDA2 /* XCRemoteSwiftPackageReference "swift-openapi-generator" */;
			productName = "plugin:OpenAPIGenerator";
		};
/* End XCSwiftPackageProductDependency section */
	};
	rootObject = FDDE53522F9BFEA500EF0076 /* Project object */;
}
